
Microsoft Visual Studio Solution File, Format Version 12.00
# Visual Studio Version 16
VisualStudioVersion = 16.0.29519.87
MinimumVisualStudioVersion = 10.0.40219.1
Project("{888888A0-9F3D-457C-B088-3A5042F75D52}") = "BloodDonation", "BloodDonation\BloodDonation.pyproj", "{AD284077-8F17-4EC5-900D-E9495F974D64}"
EndProject
Global
	GlobalSection(SolutionConfigurationPlatforms) = preSolution
		Debug|Any CPU = Debug|Any CPU
		Release|Any CPU = Release|Any CPU
	EndGlobalSection
	GlobalSection(ProjectConfigurationPlatforms) = postSolution
		{AD284077-8F17-4EC5-900D-E9495F974D64}.Debug|Any CPU.ActiveCfg = Debug|Any CPU
		{AD284077-8F17-4EC5-900D-E9495F974D64}.Release|Any CPU.ActiveCfg = Release|Any CPU
	EndGlobalSection
	GlobalSection(SolutionProperties) = preSolution
		HideSolutionNode = FALSE
	EndGlobalSection
	GlobalSection(ExtensibilityGlobals) = postSolution
		SolutionGuid = {1ABBAFA1-ECD3-4922-B175-F781081F3663}
	EndGlobalSection
EndGlobal
